
Microsoft Visual Studio Solution File, Format Version 12.00
# Visual Studio Version 17
VisualStudioVersion = 17.10.35122.118
MinimumVisualStudioVersion = 10.0.40219.1
Project("{9A19103F-16F7-4668-BE54-9A1E7A4F7556}") = "Demo_Session01_EF_Core", "Session 01 EF Core\Demo_Session01_EF_Core.csproj", "{6169CC76-C082-4864-8321-F35CCA2728AD}"
EndProject
Project("{FAE04EC0-301F-11D3-BF4B-00C04F79EFBC}") = "Assignment_Task01_EF_Core", "Assignment_Task01_EF_Core\Assignment_Task01_EF_Core.csproj", "{9C4BDF74-E706-4AA3-A8FE-C552AEB52CA8}"
EndProject
Global
	GlobalSection(SolutionConfigurationPlatforms) = preSolution
		Debug|Any CPU = Debug|Any CPU
		Release|Any CPU = Release|Any CPU
	EndGlobalSection
	GlobalSection(ProjectConfigurationPlatforms) = postSolution
		{6169CC76-C082-4864-8321-F35CCA2728AD}.Debug|Any CPU.ActiveCfg = Debug|Any CPU
		{6169CC76-C082-4864-8321-F35CCA2728AD}.Debug|Any CPU.Build.0 = Debug|Any CPU
		{6169CC76-C082-4864-8321-F35CCA2728AD}.Release|Any CPU.ActiveCfg = Release|Any CPU
		{6169CC76-C082-4864-8321-F35CCA2728AD}.Release|Any CPU.Build.0 = Release|Any CPU
		{9C4BDF74-E706-4AA3-A8FE-C552AEB52CA8}.Debug|Any CPU.ActiveCfg = Debug|Any CPU
		{9C4BDF74-E706-4AA3-A8FE-C552AEB52CA8}.Debug|Any CPU.Build.0 = Debug|Any CPU
		{9C4BDF74-E706-4AA3-A8FE-C552AEB52CA8}.Release|Any CPU.ActiveCfg = Release|Any CPU
		{9C4BDF74-E706-4AA3-A8FE-C552AEB52CA8}.Release|Any CPU.Build.0 = Release|Any CPU
	EndGlobalSection
	GlobalSection(SolutionProperties) = preSolution
		HideSolutionNode = FALSE
	EndGlobalSection
	GlobalSection(ExtensibilityGlobals) = postSolution
		SolutionGuid = {79F218C8-38E6-4823-8FB9-122293729121}
	EndGlobalSection
EndGlobal
